
Microsoft Visual Studio Solution File, Format Version 12.00
# Visual Studio Version 17
VisualStudioVersion = 17.11.35219.272
MinimumVisualStudioVersion = 10.0.40219.1
Project("{FAE04EC0-301F-11D3-BF4B-00C04F79EFBC}") = "VolumeTest", "VolumeTest\VolumeTest.csproj", "{D455F4A5-F8B4-4C0A-8EF4-384544508A13}"
EndProject
Project("{2150E333-8FDC-42A3-9474-1A3956D46DE8}") = "SolutionItem", "SolutionItem", "{2E36E131-C3F0-4CBC-B3A2-20614A9B2E1E}"
	ProjectSection(SolutionItems) = preProject
		docker-compose.yml = docker-compose.yml
	EndProjectSection
EndProject
Global
	GlobalSection(SolutionConfigurationPlatforms) = preSolution
		Debug|Any CPU = Debug|Any CPU
		Release|Any CPU = Release|Any CPU
	EndGlobalSection
	GlobalSection(ProjectConfigurationPlatforms) = postSolution
		{D455F4A5-F8B4-4C0A-8EF4-384544508A13}.Debug|Any CPU.ActiveCfg = Debug|Any CPU
		{D455F4A5-F8B4-4C0A-8EF4-384544508A13}.Debug|Any CPU.Build.0 = Debug|Any CPU
		{D455F4A5-F8B4-4C0A-8EF4-384544508A13}.Release|Any CPU.ActiveCfg = Release|Any CPU
		{D455F4A5-F8B4-4C0A-8EF4-384544508A13}.Release|Any CPU.Build.0 = Release|Any CPU
	EndGlobalSection
	GlobalSection(SolutionProperties) = preSolution
		HideSolutionNode = FALSE
	EndGlobalSection
	GlobalSection(ExtensibilityGlobals) = postSolution
		SolutionGuid = {45D8293D-9AE3-4970-91F3-50CFD3E0333A}
	EndGlobalSection
EndGlobal
